{
    "name": "@runejs/cache-parser",
    "version": "0.1.0",
    "lockfileVersion": 1,
    "requires": true,
    "dependencies": {
        "@runejs/logger": {
            "version": "1.0.0",
            "resolved": "https://registry.npmjs.org/@runejs/logger/-/logger-1.0.0.tgz",
            "integrity": "sha512-PrxPuHGykErvlIA3YPckDCBstn3Le0xLi5PcCKDtjgj5t9jRqCv6NjPkjpeY0hjNChaRPXCceNQ2aloZzO2UPg==",
            "requires": {
                "colors": "^1.4.0",
                "moment": "^2.24.0",
                "typescript": "^3.7.2"
            }
        },
        "@types/node": {
            "version": "12.12.22",
            "resolved": "https://registry.npmjs.org/@types/node/-/node-12.12.22.tgz",
            "integrity": "sha512-r5i93jqbPWGXYXxianGATOxTelkp6ih/U0WVnvaqAvTqM+0U6J3kw6Xk6uq/dWNRkEVw/0SLcO5ORXbVNz4FMQ==",
            "dev": true
        },
        "colors": {
            "version": "1.4.0",
            "resolved": "https://registry.npmjs.org/colors/-/colors-1.4.0.tgz",
            "integrity": "sha512-a+UqTh4kgZg/SlGvfbzDHpgRu7AAQOmmqRHJnxhRZICKFUT91brVhNNt58CMWU9PsBbv3PDCZUHbVxuDiH2mtA=="
        },
        "commander": {
            "version": "2.8.1",
            "resolved": "https://registry.npmjs.org/commander/-/commander-2.8.1.tgz",
            "integrity": "sha1-Br42f+v9oMMwqh4qBy09yXYkJdQ=",
            "requires": {
                "graceful-readlink": ">= 1.0.0"
            }
        },
        "graceful-readlink": {
            "version": "1.0.1",
            "resolved": "https://registry.npmjs.org/graceful-readlink/-/graceful-readlink-1.0.1.tgz",
            "integrity": "sha1-TK+tdrxi8C+gObL5Tpo906ORpyU="
        },
        "moment": {
            "version": "2.24.0",
            "resolved": "https://registry.npmjs.org/moment/-/moment-2.24.0.tgz",
            "integrity": "sha512-bV7f+6l2QigeBBZSM/6yTNq4P2fNpSWj/0e7jQcy87A8e7o2nAfP/34/2ky5Vw4B9S446EtIhodAzkFCcR4dQg=="
        },
        "seek-bzip": {
            "version": "1.0.5",
            "resolved": "https://registry.npmjs.org/seek-bzip/-/seek-bzip-1.0.5.tgz",
            "integrity": "sha1-z+kXyz0nS8/6x5J1ivUxc+sfq9w=",
            "requires": {
                "commander": "~2.8.1"
            }
        },
        "typescript": {
            "version": "3.7.4",
            "resolved": "https://registry.npmjs.org/typescript/-/typescript-3.7.4.tgz",
            "integrity": "sha512-A25xv5XCtarLwXpcDNZzCGvW2D1S3/bACratYBx2sax8PefsFhlYmkQicKHvpYflFS8if4zne5zT5kpJ7pzuvw=="
        }
    }
}
